
Microsoft Visual Studio Solution File, Format Version 12.00
# Visual Studio Version 17
VisualStudioVersion = 17.8.34330.188
MinimumVisualStudioVersion = 10.0.40219.1
Project("{FAE04EC0-301F-11D3-BF4B-00C04F79EFBC}") = "ECDSA", "ECDSA.csproj", "{01FD13ED-0CD7-4E9A-86C5-27B88F986698}"
EndProject
Global
	GlobalSection(SolutionConfigurationPlatforms) = preSolution
		Debug|Any CPU = Debug|Any CPU
		Release|Any CPU = Release|Any CPU
	EndGlobalSection
	GlobalSection(ProjectConfigurationPlatforms) = postSolution
		{01FD13ED-0CD7-4E9A-86C5-27B88F986698}.Debug|Any CPU.ActiveCfg = Debug|Any CPU
		{01FD13ED-0CD7-4E9A-86C5-27B88F986698}.Debug|Any CPU.Build.0 = Debug|Any CPU
		{01FD13ED-0CD7-4E9A-86C5-27B88F986698}.Release|Any CPU.ActiveCfg = Release|Any CPU
		{01FD13ED-0CD7-4E9A-86C5-27B88F986698}.Release|Any CPU.Build.0 = Release|Any CPU
	EndGlobalSection
	GlobalSection(SolutionProperties) = preSolution
		HideSolutionNode = FALSE
	EndGlobalSection
	GlobalSection(ExtensibilityGlobals) = postSolution
		SolutionGuid = {64EAD3E0-7A55-48E9-AEFC-1D5974E9EE45}
	EndGlobalSection
EndGlobal
